Microsoft Visual Studio Solution File, Format Version 12.00
# Visual Studio Version 17
VisualStudioVersion = 17.5.2.0
MinimumVisualStudioVersion = 10.0.40219.1
Project("{FAE04EC0-301F-11D3-BF4B-00C04F79EFBC}") = "FoodStreetGuide", "FoodStreetGuide.csproj", "{6B5DAF75-3726-F795-F016-45F98F5D6749}"
EndProject
Project("{FAE04EC0-301F-11D3-BF4B-00C04F79EFBC}") = "FoodStreetGuide.Admin", "FoodStreetGuide.Admin\FoodStreetGuide.Admin.csproj", "{615D23B9-AF0A-EDF8-2FEF-7F8A4C1BED13}"
EndProject
Global
	GlobalSection(SolutionConfigurationPlatforms) = preSolution
		Debug|Any CPU = Debug|Any CPU
		Release|Any CPU = Release|Any CPU
	EndGlobalSection
	GlobalSection(ProjectConfigurationPlatforms) = postSolution
		{6B5DAF75-3726-F795-F016-45F98F5D6749}.Debug|Any CPU.ActiveCfg = Debug|Any CPU
		{6B5DAF75-3726-F795-F016-45F98F5D6749}.Debug|Any CPU.Build.0 = Debug|Any CPU
		{6B5DAF75-3726-F795-F016-45F98F5D6749}.Release|Any CPU.ActiveCfg = Release|Any CPU
		{6B5DAF75-3726-F795-F016-45F98F5D6749}.Release|Any CPU.Build.0 = Release|Any CPU
		{615D23B9-AF0A-EDF8-2FEF-7F8A4C1BED13}.Debug|Any CPU.ActiveCfg = Debug|Any CPU
		{615D23B9-AF0A-EDF8-2FEF-7F8A4C1BED13}.Debug|Any CPU.Build.0 = Debug|Any CPU
		{615D23B9-AF0A-EDF8-2FEF-7F8A4C1BED13}.Release|Any CPU.ActiveCfg = Release|Any CPU
		{615D23B9-AF0A-EDF8-2FEF-7F8A4C1BED13}.Release|Any CPU.Build.0 = Release|Any CPU
	EndGlobalSection
	GlobalSection(SolutionProperties) = preSolution
		HideSolutionNode = FALSE
	EndGlobalSection
	GlobalSection(ExtensibilityGlobals) = postSolution
		SolutionGuid = {198AA9AC-A725-4680-A122-B2F1B7FDD9B6}
	EndGlobalSection
EndGlobal
